
Microsoft Visual Studio Solution File, Format Version 12.00
# Visual Studio Version 17
VisualStudioVersion = 17.10.34707.107
MinimumVisualStudioVersion = 10.0.40219.1
Project("{2150E333-8FDC-42A3-9474-1A3956D46DE8}") = "services", "services", "{A09FD446-4A56-4782-A10F-71142A2E1A28}"
EndProject
Project("{2150E333-8FDC-42A3-9474-1A3956D46DE8}") = "fusion-bank-central", "fusion-bank-central", "{587C815C-13B1-4A05-9C55-1984A8DD7432}"
EndProject
Project("{9A19103F-16F7-4668-BE54-9A1E7A4F7556}") = "fusion-bank-central-api", "services\fusion-bank-central\fusion-bank-central-api\fusion-bank-central-api.csproj", "{EF62FF3A-3F29-42BE-AA50-854B8F10456A}"
EndProject
Project("{9A19103F-16F7-4668-BE54-9A1E7A4F7556}") = "fusion-bank-central-domain", "services\fusion-bank-central\fusion-bank-central-domain\fusion-bank-central-domain.csproj", "{98E6C1EA-54C5-435E-ADEC-F2C9CF4D4932}"
EndProject
Project("{9A19103F-16F7-4668-BE54-9A1E7A4F7556}") = "fusion-bank-central-repository", "services\fusion-bank-central\fusion-bank-central-repository\fusion-bank-central-repository.csproj", "{7D73E2CB-8B7A-4772-BB92-33D400C77852}"
EndProject
Project("{2150E333-8FDC-42A3-9474-1A3956D46DE8}") = "fusion-bank-account", "fusion-bank-account", "{7EBFC630-357D-405E-A28A-83D822F5D778}"
EndProject
Project("{9A19103F-16F7-4668-BE54-9A1E7A4F7556}") = "fusion-bank-account-api", "services\fusion-bank-account\fusion-bank-account-api\fusion-bank-account-api.csproj", "{5EF7FBCB-3000-4837-B952-1DB2A67F0377}"
EndProject
Project("{9A19103F-16F7-4668-BE54-9A1E7A4F7556}") = "fusion-bank-account-domain", "services\fusion-bank-account\fusion-bank-account-domain\fusion-bank-account-domain.csproj", "{377CBBBA-04D0-4722-99E7-46AE6F886A91}"
EndProject
Project("{9A19103F-16F7-4668-BE54-9A1E7A4F7556}") = "fusion-bank-account-repository", "services\fusion-bank-account\fusion-bank-account-repository\fusion-bank-account-repository.csproj", "{D6EE989A-DA17-4168-ACDD-8B9053409072}"
EndProject
Project("{2150E333-8FDC-42A3-9474-1A3956D46DE8}") = "fusion-bank-core", "fusion-bank-core", "{E75CF196-B744-44F3-8E37-B756BB409786}"
EndProject
Project("{9A19103F-16F7-4668-BE54-9A1E7A4F7556}") = "fusion-bank-core", "services\fusion-bank-core\fusion-bank-core.csproj", "{F107F2B4-306B-4B32-9089-F1D38B57B504}"
EndProject
Project("{9A19103F-16F7-4668-BE54-9A1E7A4F7556}") = "fusion-bank-account-service", "services\fusion-bank-account\fusion-bank-account-service\fusion-bank-account-service.csproj", "{37C857D4-D6BE-404E-B922-51D0EAD55269}"
EndProject
Project("{9A19103F-16F7-4668-BE54-9A1E7A4F7556}") = "fusion-bank-central-service", "services\fusion-bank-central\fusion-bank-central-service\fusion-bank-central-service.csproj", "{E6CDB3EE-1A98-4677-B711-6DF342C0F127}"
EndProject
Project("{2150E333-8FDC-42A3-9474-1A3956D46DE8}") = "fusion-bank-deposit", "fusion-bank-deposit", "{0F77FEAB-49E3-4037-AA83-0A657AA1C0E8}"
EndProject
Project("{9A19103F-16F7-4668-BE54-9A1E7A4F7556}") = "fusion-bank-deposit-domain", "services\fusion-bank-deposit\fusion-bank-deposit-domain\fusion-bank-deposit-domain.csproj", "{3DA25147-63CD-4AE6-B3ED-105B1076846A}"
EndProject
Project("{9A19103F-16F7-4668-BE54-9A1E7A4F7556}") = "fusion-bank-deposit-repository", "services\fusion-bank-deposit\fusion-bank-deposit-repository\fusion-bank-deposit-repository.csproj", "{99A6C301-63EC-45D3-9CF8-E254FCD85416}"
EndProject
Project("{9A19103F-16F7-4668-BE54-9A1E7A4F7556}") = "fusion-bank-deposit-services", "services\fusion-bank-deposit\fusion-bank-deposit-services\fusion-bank-deposit-services.csproj", "{441BF6CB-98DA-4706-A7B3-86B3AA4BA5C9}"
EndProject
Project("{9A19103F-16F7-4668-BE54-9A1E7A4F7556}") = "fusion-bank-deposit-api", "services\fusion-bank-deposit\fusion-bank-deposit-api\fusion-bank-deposit-api.csproj", "{ABC4A4C4-7907-4135-9B07-5E97BAFBEBB5}"
EndProject
Project("{2150E333-8FDC-42A3-9474-1A3956D46DE8}") = "fusion-bank-transfer", "fusion-bank-transfer", "{BE30CDFA-4BF6-4DEB-AF14-60173820A048}"
EndProject
Project("{9A19103F-16F7-4668-BE54-9A1E7A4F7556}") = "fusion-bank-transfer-domain", "services\fusion-bank-transfer\fusion-bank-transfer-domain\fusion-bank-transfer-domain.csproj", "{27E156E5-1C02-47DC-8813-C9CD50742962}"
EndProject
Project("{FAE04EC0-301F-11D3-BF4B-00C04F79EFBC}") = "fusion-bank-transfer-repository", "services\fusion-bank-transfer\fusion-bank-transfer-repository\fusion-bank-transfer-repository.csproj", "{23D8D761-E26B-4B7C-8331-ADFD0F8D54EE}"
EndProject
Project("{FAE04EC0-301F-11D3-BF4B-00C04F79EFBC}") = "fusion-bank-transfer-services", "services\fusion-bank-transfer\fusion-bank-transfer-services\fusion-bank-transfer-services.csproj", "{03AEBE1A-2000-48C9-85C4-E0035F3CC454}"
EndProject
Project("{FAE04EC0-301F-11D3-BF4B-00C04F79EFBC}") = "fusion-bank-transfer-api", "services\fusion-bank-transfer\fusion-bank-transfer-api\fusion-bank-transfer-api.csproj", "{657D7B0C-B8A8-4981-92BC-4638DA308F71}"
EndProject
Project("{2150E333-8FDC-42A3-9474-1A3956D46DE8}") = "fusion-bank-creditcard", "fusion-bank-creditcard", "{02EA681E-C7D8-13C7-8484-4AC65E1B71E8}"
EndProject
Project("{FAE04EC0-301F-11D3-BF4B-00C04F79EFBC}") = "fusion-bank-creditcard-services", "services\fusion-bank-creditCard\fusion-bank-creditcard-services\fusion-bank-creditcard-services.csproj", "{90F96753-FA91-4D69-8D64-D4FAAC32FA12}"
EndProject
Project("{FAE04EC0-301F-11D3-BF4B-00C04F79EFBC}") = "fusion-bank-creditcard-repository", "services\fusion-bank-creditCard\fusion-bank-creditcard-repository\fusion-bank-creditcard-repository.csproj", "{B4EE15E2-7099-443D-AA54-69B990BEFE06}"
EndProject
Project("{FAE04EC0-301F-11D3-BF4B-00C04F79EFBC}") = "fusion-bank-creditcard-api", "services\fusion-bank-creditCard\fusion-bank-creditcard-api\fusion-bank-creditcard-api.csproj", "{08BDD2C0-DC36-F90C-76D9-D24F3CA72713}"
EndProject
Project("{FAE04EC0-301F-11D3-BF4B-00C04F79EFBC}") = "fusion-bank-creditcard-domain", "services\fusion-bank-creditcard\fusion-bank-creditcard-domain\fusion-bank-creditcard-domain.csproj", "{5B2E4CBE-7225-E79D-1B61-4A361290E711}"
EndProject
Project("{2150E333-8FDC-42A3-9474-1A3956D46DE8}") = "fusion-bank-investments", "fusion-bank-investments", "{380287EE-F594-4680-B469-890B40D58A49}"
EndProject
Project("{FAE04EC0-301F-11D3-BF4B-00C04F79EFBC}") = "fusion-bank-investments-api", "services\fusion-bank-investments\fusion-bank-investments-api\fusion-bank-investments-api.csproj", "{938F7597-EA59-4C09-A1E8-87CDBC08A15E}"
EndProject
Project("{FAE04EC0-301F-11D3-BF4B-00C04F79EFBC}") = "fusion-bank-investments-domain", "services\fusion-bank-investments\fusion-bank-investments-domain\fusion-bank-investments-domain.csproj", "{BA3037FE-FD27-4C9D-879F-93355A2583F8}"
EndProject
Project("{FAE04EC0-301F-11D3-BF4B-00C04F79EFBC}") = "fusion-bank-investments-services", "services\fusion-bank-investments\fusion-bank-investments-services\fusion-bank-investments-services.csproj", "{A62968FF-D267-4B4F-9DE0-379B936DA6E3}"
EndProject
Project("{FAE04EC0-301F-11D3-BF4B-00C04F79EFBC}") = "fusion-bank-investments-repository", "services\fusion-bank-investments\fusion-bank-investments-repository\fusion-bank-investments-repository.csproj", "{2AEEC5B8-242E-4AB5-A7C9-9C05CBCF2741}"
EndProject
Project("{2150E333-8FDC-42A3-9474-1A3956D46DE8}") = "fusion-bank-admin", "fusion-bank-admin", "{880998A7-30E7-4D11-8F39-7D0893DEA925}"
EndProject
Project("{FAE04EC0-301F-11D3-BF4B-00C04F79EFBC}") = "fusion-bank-admin-api", "services\fusion-bank-admin\fusion-bank-admin-api\fusion-bank-admin-api.csproj", "{1F2863EC-6521-4C0A-9317-C5D8ABED81CC}"
EndProject
Project("{FAE04EC0-301F-11D3-BF4B-00C04F79EFBC}") = "fusion-bank-admin-domain", "services\fusion-bank-admin\fusion-bank-admin-domain\fusion-bank-admin-domain.csproj", "{C30AA7FF-A00F-4673-B07C-658C4A013077}"
EndProject
Project("{FAE04EC0-301F-11D3-BF4B-00C04F79EFBC}") = "fusion-bank-admin-services", "services\fusion-bank-admin\fusion-bank-admin-services\fusion-bank-admin-services.csproj", "{6B3A1E90-6E42-4DAC-B9CA-9CE1D853D8AF}"
EndProject
Project("{FAE04EC0-301F-11D3-BF4B-00C04F79EFBC}") = "fusion-bank-admin-repository", "services\fusion-bank-admin\fusion-bank-admin-repository\fusion-bank-admin-repository.csproj", "{CA1C24C4-C7DB-470A-BE1A-98EB229EC571}"
EndProject
Global
	GlobalSection(SolutionConfigurationPlatforms) = preSolution
		Debug|Any CPU = Debug|Any CPU
		Release|Any CPU = Release|Any CPU
	EndGlobalSection
	GlobalSection(ProjectConfigurationPlatforms) = postSolution
		{EF62FF3A-3F29-42BE-AA50-854B8F10456A}.Debug|Any CPU.ActiveCfg = Debug|Any CPU
		{EF62FF3A-3F29-42BE-AA50-854B8F10456A}.Debug|Any CPU.Build.0 = Debug|Any CPU
		{EF62FF3A-3F29-42BE-AA50-854B8F10456A}.Release|Any CPU.ActiveCfg = Release|Any CPU
		{EF62FF3A-3F29-42BE-AA50-854B8F10456A}.Release|Any CPU.Build.0 = Release|Any CPU
		{98E6C1EA-54C5-435E-ADEC-F2C9CF4D4932}.Debug|Any CPU.ActiveCfg = Debug|Any CPU
		{98E6C1EA-54C5-435E-ADEC-F2C9CF4D4932}.Debug|Any CPU.Build.0 = Debug|Any CPU
		{98E6C1EA-54C5-435E-ADEC-F2C9CF4D4932}.Release|Any CPU.ActiveCfg = Release|Any CPU
		{98E6C1EA-54C5-435E-ADEC-F2C9CF4D4932}.Release|Any CPU.Build.0 = Release|Any CPU
		{7D73E2CB-8B7A-4772-BB92-33D400C77852}.Debug|Any CPU.ActiveCfg = Debug|Any CPU
		{7D73E2CB-8B7A-4772-BB92-33D400C77852}.Debug|Any CPU.Build.0 = Debug|Any CPU
		{7D73E2CB-8B7A-4772-BB92-33D400C77852}.Release|Any CPU.ActiveCfg = Release|Any CPU
		{7D73E2CB-8B7A-4772-BB92-33D400C77852}.Release|Any CPU.Build.0 = Release|Any CPU
		{5EF7FBCB-3000-4837-B952-1DB2A67F0377}.Debug|Any CPU.ActiveCfg = Debug|Any CPU
		{5EF7FBCB-3000-4837-B952-1DB2A67F0377}.Debug|Any CPU.Build.0 = Debug|Any CPU
		{5EF7FBCB-3000-4837-B952-1DB2A67F0377}.Release|Any CPU.ActiveCfg = Release|Any CPU
		{5EF7FBCB-3000-4837-B952-1DB2A67F0377}.Release|Any CPU.Build.0 = Release|Any CPU
		{377CBBBA-04D0-4722-99E7-46AE6F886A91}.Debug|Any CPU.ActiveCfg = Debug|Any CPU
		{377CBBBA-04D0-4722-99E7-46AE6F886A91}.Debug|Any CPU.Build.0 = Debug|Any CPU
		{377CBBBA-04D0-4722-99E7-46AE6F886A91}.Release|Any CPU.ActiveCfg = Release|Any CPU
		{377CBBBA-04D0-4722-99E7-46AE6F886A91}.Release|Any CPU.Build.0 = Release|Any CPU
		{D6EE989A-DA17-4168-ACDD-8B9053409072}.Debug|Any CPU.ActiveCfg = Debug|Any CPU
		{D6EE989A-DA17-4168-ACDD-8B9053409072}.Debug|Any CPU.Build.0 = Debug|Any CPU
		{D6EE989A-DA17-4168-ACDD-8B9053409072}.Release|Any CPU.ActiveCfg = Release|Any CPU
		{D6EE989A-DA17-4168-ACDD-8B9053409072}.Release|Any CPU.Build.0 = Release|Any CPU
		{F107F2B4-306B-4B32-9089-F1D38B57B504}.Debug|Any CPU.ActiveCfg = Debug|Any CPU
		{F107F2B4-306B-4B32-9089-F1D38B57B504}.Debug|Any CPU.Build.0 = Debug|Any CPU
		{F107F2B4-306B-4B32-9089-F1D38B57B504}.Release|Any CPU.ActiveCfg = Release|Any CPU
		{F107F2B4-306B-4B32-9089-F1D38B57B504}.Release|Any CPU.Build.0 = Release|Any CPU
		{37C857D4-D6BE-404E-B922-51D0EAD55269}.Debug|Any CPU.ActiveCfg = Debug|Any CPU
		{37C857D4-D6BE-404E-B922-51D0EAD55269}.Debug|Any CPU.Build.0 = Debug|Any CPU
		{37C857D4-D6BE-404E-B922-51D0EAD55269}.Release|Any CPU.ActiveCfg = Release|Any CPU
		{37C857D4-D6BE-404E-B922-51D0EAD55269}.Release|Any CPU.Build.0 = Release|Any CPU
		{E6CDB3EE-1A98-4677-B711-6DF342C0F127}.Debug|Any CPU.ActiveCfg = Debug|Any CPU
		{E6CDB3EE-1A98-4677-B711-6DF342C0F127}.Debug|Any CPU.Build.0 = Debug|Any CPU
		{E6CDB3EE-1A98-4677-B711-6DF342C0F127}.Release|Any CPU.ActiveCfg = Release|Any CPU
		{E6CDB3EE-1A98-4677-B711-6DF342C0F127}.Release|Any CPU.Build.0 = Release|Any CPU
		{3DA25147-63CD-4AE6-B3ED-105B1076846A}.Debug|Any CPU.ActiveCfg = Debug|Any CPU
		{3DA25147-63CD-4AE6-B3ED-105B1076846A}.Debug|Any CPU.Build.0 = Debug|Any CPU
		{3DA25147-63CD-4AE6-B3ED-105B1076846A}.Release|Any CPU.ActiveCfg = Release|Any CPU
		{3DA25147-63CD-4AE6-B3ED-105B1076846A}.Release|Any CPU.Build.0 = Release|Any CPU
		{99A6C301-63EC-45D3-9CF8-E254FCD85416}.Debug|Any CPU.ActiveCfg = Debug|Any CPU
		{99A6C301-63EC-45D3-9CF8-E254FCD85416}.Debug|Any CPU.Build.0 = Debug|Any CPU
		{99A6C301-63EC-45D3-9CF8-E254FCD85416}.Release|Any CPU.ActiveCfg = Release|Any CPU
		{99A6C301-63EC-45D3-9CF8-E254FCD85416}.Release|Any CPU.Build.0 = Release|Any CPU
		{441BF6CB-98DA-4706-A7B3-86B3AA4BA5C9}.Debug|Any CPU.ActiveCfg = Debug|Any CPU
		{441BF6CB-98DA-4706-A7B3-86B3AA4BA5C9}.Debug|Any CPU.Build.0 = Debug|Any CPU
		{441BF6CB-98DA-4706-A7B3-86B3AA4BA5C9}.Release|Any CPU.ActiveCfg = Release|Any CPU
		{441BF6CB-98DA-4706-A7B3-86B3AA4BA5C9}.Release|Any CPU.Build.0 = Release|Any CPU
		{ABC4A4C4-7907-4135-9B07-5E97BAFBEBB5}.Debug|Any CPU.ActiveCfg = Debug|Any CPU
		{ABC4A4C4-7907-4135-9B07-5E97BAFBEBB5}.Debug|Any CPU.Build.0 = Debug|Any CPU
		{ABC4A4C4-7907-4135-9B07-5E97BAFBEBB5}.Release|Any CPU.ActiveCfg = Release|Any CPU
		{ABC4A4C4-7907-4135-9B07-5E97BAFBEBB5}.Release|Any CPU.Build.0 = Release|Any CPU
		{27E156E5-1C02-47DC-8813-C9CD50742962}.Debug|Any CPU.ActiveCfg = Debug|Any CPU
		{27E156E5-1C02-47DC-8813-C9CD50742962}.Debug|Any CPU.Build.0 = Debug|Any CPU
		{27E156E5-1C02-47DC-8813-C9CD50742962}.Release|Any CPU.ActiveCfg = Release|Any CPU
		{27E156E5-1C02-47DC-8813-C9CD50742962}.Release|Any CPU.Build.0 = Release|Any CPU
		{23D8D761-E26B-4B7C-8331-ADFD0F8D54EE}.Debug|Any CPU.ActiveCfg = Debug|Any CPU
		{23D8D761-E26B-4B7C-8331-ADFD0F8D54EE}.Debug|Any CPU.Build.0 = Debug|Any CPU
		{23D8D761-E26B-4B7C-8331-ADFD0F8D54EE}.Release|Any CPU.ActiveCfg = Release|Any CPU
		{23D8D761-E26B-4B7C-8331-ADFD0F8D54EE}.Release|Any CPU.Build.0 = Release|Any CPU
		{03AEBE1A-2000-48C9-85C4-E0035F3CC454}.Debug|Any CPU.ActiveCfg = Debug|Any CPU
		{03AEBE1A-2000-48C9-85C4-E0035F3CC454}.Debug|Any CPU.Build.0 = Debug|Any CPU
		{03AEBE1A-2000-48C9-85C4-E0035F3CC454}.Release|Any CPU.ActiveCfg = Release|Any CPU
		{03AEBE1A-2000-48C9-85C4-E0035F3CC454}.Release|Any CPU.Build.0 = Release|Any CPU
		{657D7B0C-B8A8-4981-92BC-4638DA308F71}.Debug|Any CPU.ActiveCfg = Debug|Any CPU
		{657D7B0C-B8A8-4981-92BC-4638DA308F71}.Debug|Any CPU.Build.0 = Debug|Any CPU
		{657D7B0C-B8A8-4981-92BC-4638DA308F71}.Release|Any CPU.ActiveCfg = Release|Any CPU
		{657D7B0C-B8A8-4981-92BC-4638DA308F71}.Release|Any CPU.Build.0 = Release|Any CPU
		{90F96753-FA91-4D69-8D64-D4FAAC32FA12}.Debug|Any CPU.ActiveCfg = Debug|Any CPU
		{90F96753-FA91-4D69-8D64-D4FAAC32FA12}.Debug|Any CPU.Build.0 = Debug|Any CPU
		{90F96753-FA91-4D69-8D64-D4FAAC32FA12}.Release|Any CPU.ActiveCfg = Release|Any CPU
		{90F96753-FA91-4D69-8D64-D4FAAC32FA12}.Release|Any CPU.Build.0 = Release|Any CPU
		{B4EE15E2-7099-443D-AA54-69B990BEFE06}.Debug|Any CPU.ActiveCfg = Debug|Any CPU
		{B4EE15E2-7099-443D-AA54-69B990BEFE06}.Debug|Any CPU.Build.0 = Debug|Any CPU
		{B4EE15E2-7099-443D-AA54-69B990BEFE06}.Release|Any CPU.ActiveCfg = Release|Any CPU
		{B4EE15E2-7099-443D-AA54-69B990BEFE06}.Release|Any CPU.Build.0 = Release|Any CPU
		{08BDD2C0-DC36-F90C-76D9-D24F3CA72713}.Debug|Any CPU.ActiveCfg = Debug|Any CPU
		{08BDD2C0-DC36-F90C-76D9-D24F3CA72713}.Debug|Any CPU.Build.0 = Debug|Any CPU
		{08BDD2C0-DC36-F90C-76D9-D24F3CA72713}.Release|Any CPU.ActiveCfg = Release|Any CPU
		{08BDD2C0-DC36-F90C-76D9-D24F3CA72713}.Release|Any CPU.Build.0 = Release|Any CPU
		{5B2E4CBE-7225-E79D-1B61-4A361290E711}.Debug|Any CPU.ActiveCfg = Debug|Any CPU
		{5B2E4CBE-7225-E79D-1B61-4A361290E711}.Debug|Any CPU.Build.0 = Debug|Any CPU
		{5B2E4CBE-7225-E79D-1B61-4A361290E711}.Release|Any CPU.ActiveCfg = Release|Any CPU
		{5B2E4CBE-7225-E79D-1B61-4A361290E711}.Release|Any CPU.Build.0 = Release|Any CPU
		{938F7597-EA59-4C09-A1E8-87CDBC08A15E}.Debug|Any CPU.ActiveCfg = Debug|Any CPU
		{938F7597-EA59-4C09-A1E8-87CDBC08A15E}.Debug|Any CPU.Build.0 = Debug|Any CPU
		{938F7597-EA59-4C09-A1E8-87CDBC08A15E}.Release|Any CPU.ActiveCfg = Release|Any CPU
		{938F7597-EA59-4C09-A1E8-87CDBC08A15E}.Release|Any CPU.Build.0 = Release|Any CPU
		{BA3037FE-FD27-4C9D-879F-93355A2583F8}.Debug|Any CPU.ActiveCfg = Debug|Any CPU
		{BA3037FE-FD27-4C9D-879F-93355A2583F8}.Debug|Any CPU.Build.0 = Debug|Any CPU
		{BA3037FE-FD27-4C9D-879F-93355A2583F8}.Release|Any CPU.ActiveCfg = Release|Any CPU
		{BA3037FE-FD27-4C9D-879F-93355A2583F8}.Release|Any CPU.Build.0 = Release|Any CPU
		{A62968FF-D267-4B4F-9DE0-379B936DA6E3}.Debug|Any CPU.ActiveCfg = Debug|Any CPU
		{A62968FF-D267-4B4F-9DE0-379B936DA6E3}.Debug|Any CPU.Build.0 = Debug|Any CPU
		{A62968FF-D267-4B4F-9DE0-379B936DA6E3}.Release|Any CPU.ActiveCfg = Release|Any CPU
		{A62968FF-D267-4B4F-9DE0-379B936DA6E3}.Release|Any CPU.Build.0 = Release|Any CPU
		{2AEEC5B8-242E-4AB5-A7C9-9C05CBCF2741}.Debug|Any CPU.ActiveCfg = Debug|Any CPU
		{2AEEC5B8-242E-4AB5-A7C9-9C05CBCF2741}.Debug|Any CPU.Build.0 = Debug|Any CPU
		{2AEEC5B8-242E-4AB5-A7C9-9C05CBCF2741}.Release|Any CPU.ActiveCfg = Release|Any CPU
		{2AEEC5B8-242E-4AB5-A7C9-9C05CBCF2741}.Release|Any CPU.Build.0 = Release|Any CPU
		{1F2863EC-6521-4C0A-9317-C5D8ABED81CC}.Debug|Any CPU.ActiveCfg = Debug|Any CPU
		{1F2863EC-6521-4C0A-9317-C5D8ABED81CC}.Debug|Any CPU.Build.0 = Debug|Any CPU
		{1F2863EC-6521-4C0A-9317-C5D8ABED81CC}.Release|Any CPU.ActiveCfg = Release|Any CPU
		{1F2863EC-6521-4C0A-9317-C5D8ABED81CC}.Release|Any CPU.Build.0 = Release|Any CPU
		{C30AA7FF-A00F-4673-B07C-658C4A013077}.Debug|Any CPU.ActiveCfg = Debug|Any CPU
		{C30AA7FF-A00F-4673-B07C-658C4A013077}.Debug|Any CPU.Build.0 = Debug|Any CPU
		{C30AA7FF-A00F-4673-B07C-658C4A013077}.Release|Any CPU.ActiveCfg = Release|Any CPU
		{C30AA7FF-A00F-4673-B07C-658C4A013077}.Release|Any CPU.Build.0 = Release|Any CPU
		{6B3A1E90-6E42-4DAC-B9CA-9CE1D853D8AF}.Debug|Any CPU.ActiveCfg = Debug|Any CPU
		{6B3A1E90-6E42-4DAC-B9CA-9CE1D853D8AF}.Debug|Any CPU.Build.0 = Debug|Any CPU
		{6B3A1E90-6E42-4DAC-B9CA-9CE1D853D8AF}.Release|Any CPU.ActiveCfg = Release|Any CPU
		{6B3A1E90-6E42-4DAC-B9CA-9CE1D853D8AF}.Release|Any CPU.Build.0 = Release|Any CPU
		{CA1C24C4-C7DB-470A-BE1A-98EB229EC571}.Debug|Any CPU.ActiveCfg = Debug|Any CPU
		{CA1C24C4-C7DB-470A-BE1A-98EB229EC571}.Debug|Any CPU.Build.0 = Debug|Any CPU
		{CA1C24C4-C7DB-470A-BE1A-98EB229EC571}.Release|Any CPU.ActiveCfg = Release|Any CPU
		{CA1C24C4-C7DB-470A-BE1A-98EB229EC571}.Release|Any CPU.Build.0 = Release|Any CPU
	EndGlobalSection
	GlobalSection(SolutionProperties) = preSolution
		HideSolutionNode = FALSE
	EndGlobalSection
	GlobalSection(NestedProjects) = preSolution
		{587C815C-13B1-4A05-9C55-1984A8DD7432} = {A09FD446-4A56-4782-A10F-71142A2E1A28}
		{EF62FF3A-3F29-42BE-AA50-854B8F10456A} = {587C815C-13B1-4A05-9C55-1984A8DD7432}
		{98E6C1EA-54C5-435E-ADEC-F2C9CF4D4932} = {587C815C-13B1-4A05-9C55-1984A8DD7432}
		{7D73E2CB-8B7A-4772-BB92-33D400C77852} = {587C815C-13B1-4A05-9C55-1984A8DD7432}
		{7EBFC630-357D-405E-A28A-83D822F5D778} = {A09FD446-4A56-4782-A10F-71142A2E1A28}
		{5EF7FBCB-3000-4837-B952-1DB2A67F0377} = {7EBFC630-357D-405E-A28A-83D822F5D778}
		{377CBBBA-04D0-4722-99E7-46AE6F886A91} = {7EBFC630-357D-405E-A28A-83D822F5D778}
		{D6EE989A-DA17-4168-ACDD-8B9053409072} = {7EBFC630-357D-405E-A28A-83D822F5D778}
		{E75CF196-B744-44F3-8E37-B756BB409786} = {A09FD446-4A56-4782-A10F-71142A2E1A28}
		{F107F2B4-306B-4B32-9089-F1D38B57B504} = {E75CF196-B744-44F3-8E37-B756BB409786}
		{37C857D4-D6BE-404E-B922-51D0EAD55269} = {7EBFC630-357D-405E-A28A-83D822F5D778}
		{E6CDB3EE-1A98-4677-B711-6DF342C0F127} = {587C815C-13B1-4A05-9C55-1984A8DD7432}
		{0F77FEAB-49E3-4037-AA83-0A657AA1C0E8} = {A09FD446-4A56-4782-A10F-71142A2E1A28}
		{3DA25147-63CD-4AE6-B3ED-105B1076846A} = {0F77FEAB-49E3-4037-AA83-0A657AA1C0E8}
		{99A6C301-63EC-45D3-9CF8-E254FCD85416} = {0F77FEAB-49E3-4037-AA83-0A657AA1C0E8}
		{441BF6CB-98DA-4706-A7B3-86B3AA4BA5C9} = {0F77FEAB-49E3-4037-AA83-0A657AA1C0E8}
		{ABC4A4C4-7907-4135-9B07-5E97BAFBEBB5} = {0F77FEAB-49E3-4037-AA83-0A657AA1C0E8}
		{BE30CDFA-4BF6-4DEB-AF14-60173820A048} = {A09FD446-4A56-4782-A10F-71142A2E1A28}
		{27E156E5-1C02-47DC-8813-C9CD50742962} = {BE30CDFA-4BF6-4DEB-AF14-60173820A048}
		{23D8D761-E26B-4B7C-8331-ADFD0F8D54EE} = {BE30CDFA-4BF6-4DEB-AF14-60173820A048}
		{03AEBE1A-2000-48C9-85C4-E0035F3CC454} = {BE30CDFA-4BF6-4DEB-AF14-60173820A048}
		{657D7B0C-B8A8-4981-92BC-4638DA308F71} = {BE30CDFA-4BF6-4DEB-AF14-60173820A048}
		{02EA681E-C7D8-13C7-8484-4AC65E1B71E8} = {A09FD446-4A56-4782-A10F-71142A2E1A28}
		{90F96753-FA91-4D69-8D64-D4FAAC32FA12} = {02EA681E-C7D8-13C7-8484-4AC65E1B71E8}
		{B4EE15E2-7099-443D-AA54-69B990BEFE06} = {02EA681E-C7D8-13C7-8484-4AC65E1B71E8}
		{08BDD2C0-DC36-F90C-76D9-D24F3CA72713} = {02EA681E-C7D8-13C7-8484-4AC65E1B71E8}
		{5B2E4CBE-7225-E79D-1B61-4A361290E711} = {02EA681E-C7D8-13C7-8484-4AC65E1B71E8}
		{380287EE-F594-4680-B469-890B40D58A49} = {A09FD446-4A56-4782-A10F-71142A2E1A28}
		{938F7597-EA59-4C09-A1E8-87CDBC08A15E} = {380287EE-F594-4680-B469-890B40D58A49}
		{BA3037FE-FD27-4C9D-879F-93355A2583F8} = {380287EE-F594-4680-B469-890B40D58A49}
		{A62968FF-D267-4B4F-9DE0-379B936DA6E3} = {380287EE-F594-4680-B469-890B40D58A49}
		{2AEEC5B8-242E-4AB5-A7C9-9C05CBCF2741} = {380287EE-F594-4680-B469-890B40D58A49}
		{880998A7-30E7-4D11-8F39-7D0893DEA925} = {A09FD446-4A56-4782-A10F-71142A2E1A28}
		{1F2863EC-6521-4C0A-9317-C5D8ABED81CC} = {880998A7-30E7-4D11-8F39-7D0893DEA925}
		{C30AA7FF-A00F-4673-B07C-658C4A013077} = {880998A7-30E7-4D11-8F39-7D0893DEA925}
		{6B3A1E90-6E42-4DAC-B9CA-9CE1D853D8AF} = {880998A7-30E7-4D11-8F39-7D0893DEA925}
		{CA1C24C4-C7DB-470A-BE1A-98EB229EC571} = {880998A7-30E7-4D11-8F39-7D0893DEA925}
	EndGlobalSection
	GlobalSection(ExtensibilityGlobals) = postSolution
		SolutionGuid = {1F783F87-2A89-4167-8A02-8E7E9539D77B}
	EndGlobalSection
EndGlobal
